lockVersion: 2.0.0
id: 94b186ce-5634-4744-a33a-9f1a73886c3a
management:
  docChecksum: 764c75a81d37f5a24b892a65b2c7e60c
  docVersion: 1.0.0
  speakeasyVersion: internal
  generationVersion: 2.259.1
  releaseVersion: 0.0.2
  configChecksum: 6a6a79a59032e930fd242ee0efed06a7
features:
  typescript:
    constsAndDefaults: 0.1.3
    core: 3.4.10
    flattening: 2.81.1
    globalSecurity: 2.82.2
    globalServerURLs: 2.82.3
    inputOutputModels: 2.82.0
    unions: 2.85.2
generatedFiles:
  - src/sdk/products.ts
  - src/sdk/plans.ts
  - src/sdk/offerings.ts
  - src/sdk/subscriptions.ts
  - src/sdk/jobs.ts
  - src/sdk/schedules.ts
  - src/sdk/subscribers.ts
  - src/sdk/sdk.ts
  - .eslintrc.js
  - .npmignore
  - RUNTIMES.md
  - package-lock.json
  - package.json
  - src/index.ts
  - src/lib/base64.ts
  - src/lib/config.ts
  - src/lib/encodings.ts
  - src/lib/event-streams.ts
  - src/lib/http.ts
  - src/lib/retries.ts
  - src/lib/sdks.ts
  - src/lib/security.ts
  - src/lib/url.ts
  - src/sdk/index.ts
  - src/models/errors/sdkerror.ts
  - src/types/blobs.ts
  - src/types/decimal.ts
  - src/types/index.ts
  - src/types/operations.ts
  - src/types/rfcdate.ts
  - tsconfig.json
  - src/models/operations/createproduct.ts
  - src/models/operations/listproducts.ts
  - src/models/operations/getproduct.ts
  - src/models/operations/deleteproduct.ts
  - src/models/operations/updateproduct.ts
  - src/models/operations/createplan.ts
  - src/models/operations/listplans.ts
  - src/models/operations/getplan.ts
  - src/models/operations/deleteplan.ts
  - src/models/operations/updateplan.ts
  - src/models/operations/createoffering.ts
  - src/models/operations/listofferings.ts
  - src/models/operations/buildoffering.ts
  - src/models/operations/getoffering.ts
  - src/models/operations/deleteoffering.ts
  - src/models/operations/updateoffering.ts
  - src/models/operations/listofferingplans.ts
  - src/models/operations/attachofferingplan.ts
  - src/models/operations/updateofferingplan.ts
  - src/models/operations/deleteofferingplan.ts
  - src/models/operations/listofferingproducts.ts
  - src/models/operations/attachofferingproduct.ts
  - src/models/operations/updateofferingproduct.ts
  - src/models/operations/deleteofferingproduct.ts
  - src/models/operations/createsubscription.ts
  - src/models/operations/listsubscriptions.ts
  - src/models/operations/getsubscription.ts
  - src/models/operations/deletesubscription.ts
  - src/models/operations/listsubscriptioninvoices.ts
  - src/models/operations/cancelsubscription.ts
  - src/models/operations/listsubscriptioninvoicepayments.ts
  - src/models/operations/getsubscriptioninvoicepayment.ts
  - src/models/operations/getsubscriptioninvoice.ts
  - src/models/operations/createjob.ts
  - src/models/operations/listjobs.ts
  - src/models/operations/getjob.ts
  - src/models/operations/deletejob.ts
  - src/models/operations/listschedules.ts
  - src/models/operations/createschedule.ts
  - src/models/operations/getschedule.ts
  - src/models/operations/updateschedule.ts
  - src/models/operations/deleteschedule.ts
  - src/models/operations/listsubscribers.ts
  - src/models/operations/createsubscriber.ts
  - src/models/operations/getsubscriber.ts
  - src/models/operations/updatesubscriber.ts
  - src/models/operations/deletesubscriber.ts
  - src/models/components/product.ts
  - src/models/components/productmeta.ts
  - src/models/components/timestamps.ts
  - src/models/components/displayprice.ts
  - src/models/components/priceformatting.ts
  - src/models/components/productresponseattributes.ts
  - src/models/components/priceunits.ts
  - src/models/components/price.ts
  - src/models/components/subscriptionproducttype.ts
  - src/models/components/error.ts
  - src/models/components/productcreate.ts
  - src/models/components/productattributes.ts
  - src/models/components/link.ts
  - src/models/components/linkobject.ts
  - src/models/components/productupdate.ts
  - src/models/components/productupdateattributes.ts
  - src/models/components/nullablepriceunits.ts
  - src/models/components/nullableprice.ts
  - src/models/components/plan.ts
  - src/models/components/planmeta.ts
  - src/models/components/planresponseattributes.ts
  - src/models/components/subscriptionplantype.ts
  - src/models/components/plancreate.ts
  - src/models/components/planattributes.ts
  - src/models/components/planupdate.ts
  - src/models/components/planupdateattributes.ts
  - src/models/components/offering.ts
  - src/models/components/offeringmeta.ts
  - src/models/components/relationship.ts
  - src/models/components/relationshiplinks.ts
  - src/models/components/relationshipdata.ts
  - src/models/components/offeringresponseattributes.ts
  - src/models/components/subscriptionofferingtype.ts
  - src/models/components/offeringcreate.ts
  - src/models/components/offeringattributes.ts
  - src/models/components/buildoffering.ts
  - src/models/components/offeringupdate.ts
  - src/models/components/offeringupdateattributes.ts
  - src/models/components/offeringplan.ts
  - src/models/components/offeringplanmeta.ts
  - src/models/components/subscriptionofferingplantype.ts
  - src/models/components/offeringplanattach.ts
  - src/models/components/offeringplanupdate.ts
  - src/models/components/offeringproduct.ts
  - src/models/components/subscriptionofferingproducttype.ts
  - src/models/components/offeringproductattach.ts
  - src/models/components/offeringproductupdate.ts
  - src/models/components/subscription.ts
  - src/models/components/subscriptionmeta.ts
  - src/models/components/status.ts
  - src/models/components/subscriptionattributes.ts
  - src/models/components/subscriptiontype.ts
  - src/models/components/buildsubscription.ts
  - src/models/components/paymentauthority.ts
  - src/models/components/paymentauthorityeppayments.ts
  - src/models/components/subscriptioninvoice.ts
  - src/models/components/subscriptioninvoicemeta.ts
  - src/models/components/singlecurrencyprice.ts
  - src/models/components/subscriptioninvoiceattributes.ts
  - src/models/components/subscriptioninvoiceitem.ts
  - src/models/components/timeperiod.ts
  - src/models/components/subscriptioninvoicetype.ts
  - src/models/components/subscriptioninvoicepayment.ts
  - src/models/components/subscriptioninvoicepaymentmeta.ts
  - src/models/components/invoicetimestamps.ts
  - src/models/components/subscriptioninvoicepaymentattributes.ts
  - src/models/components/paymentfailuredetail.ts
  - src/models/components/subscriptioninvoicepaymenttype.ts
  - src/models/components/job.ts
  - src/models/components/jobmeta.ts
  - src/models/components/jobtimestamps.ts
  - src/models/components/jobresponseattributes.ts
  - src/models/components/jobtype.ts
  - src/models/components/subscriptionjobtype.ts
  - src/models/components/jobcreate.ts
  - src/models/components/jobcreateattributes.ts
  - src/models/components/schedule.ts
  - src/models/components/schedulemeta.ts
  - src/models/components/scheduleresponseattributes.ts
  - src/models/components/schedulejob.ts
  - src/models/components/subscriptionscheduletype.ts
  - src/models/components/schedulecreate.ts
  - src/models/components/scheduleattributes.ts
  - src/models/components/scheduleupdate.ts
  - src/models/components/scheduleupdateattributes.ts
  - src/models/components/subscriber.ts
  - src/models/components/subscribermeta.ts
  - src/models/components/subscriberresponseattributes.ts
  - src/models/components/subscriptionsubscribertype.ts
  - src/models/components/subscribercreate.ts
  - src/models/components/subscriberattributes.ts
  - src/models/components/subscriberupdate.ts
  - src/models/components/subscriberupdateattributes.ts
  - src/models/components/security.ts
  - src/models/errors/errorresponse.ts
  - src/models/errors/index.ts
  - src/models/operations/index.ts
  - src/models/components/index.ts
  - docs/models/operations/createproductrequestbody.md
  - docs/models/operations/createproductrequest.md
  - docs/models/operations/createproductresponsebody.md
  - docs/models/operations/createproductresponse.md
  - docs/models/operations/listproductsrequest.md
  - docs/models/operations/listproductsresponsebody.md
  - docs/models/operations/listproductsresponse.md
  - docs/models/operations/getproductrequest.md
  - docs/models/operations/getproductresponsebody.md
  - docs/models/operations/getproductresponse.md
  - docs/models/operations/deleteproductrequest.md
  - docs/models/operations/deleteproductresponse.md
  - docs/models/operations/updateproductrequestbody.md
  - docs/models/operations/updateproductrequest.md
  - docs/models/operations/updateproductresponsebody.md
  - docs/models/operations/updateproductresponse.md
  - docs/models/operations/createplanrequestbody.md
  - docs/models/operations/createplanresponsebody.md
  - docs/models/operations/createplanresponse.md
  - docs/models/operations/listplansrequest.md
  - docs/models/operations/listplansresponsebody.md
  - docs/models/operations/listplansresponse.md
  - docs/models/operations/getplanrequest.md
  - docs/models/operations/getplanresponsebody.md
  - docs/models/operations/getplanresponse.md
  - docs/models/operations/deleteplanrequest.md
  - docs/models/operations/deleteplanresponse.md
  - docs/models/operations/updateplanrequestbody.md
  - docs/models/operations/updateplanrequest.md
  - docs/models/operations/updateplanresponsebody.md
  - docs/models/operations/updateplanresponse.md
  - docs/models/operations/createofferingrequestbody.md
  - docs/models/operations/createofferingrequest.md
  - docs/models/operations/createofferingresponsebody.md
  - docs/models/operations/createofferingresponse.md
  - docs/models/operations/listofferingsrequest.md
  - docs/models/operations/listofferingsresponsebody.md
  - docs/models/operations/listofferingsresponse.md
  - docs/models/operations/buildofferingrequestbody.md
  - docs/models/operations/buildofferingresponsebody.md
  - docs/models/operations/buildofferingresponse.md
  - docs/models/operations/getofferingrequest.md
  - docs/models/operations/getofferingresponsebody.md
  - docs/models/operations/getofferingresponse.md
  - docs/models/operations/deleteofferingrequest.md
  - docs/models/operations/deleteofferingresponse.md
  - docs/models/operations/updateofferingrequestbody.md
  - docs/models/operations/updateofferingrequest.md
  - docs/models/operations/updateofferingresponsebody.md
  - docs/models/operations/updateofferingresponse.md
  - docs/models/operations/listofferingplansrequest.md
  - docs/models/operations/listofferingplansresponsebody.md
  - docs/models/operations/listofferingplansresponse.md
  - docs/models/operations/attachofferingplanrequestbody.md
  - docs/models/operations/attachofferingplanrequest.md
  - docs/models/operations/attachofferingplanresponsebody.md
  - docs/models/operations/attachofferingplanresponse.md
  - docs/models/operations/updateofferingplanrequestbody.md
  - docs/models/operations/updateofferingplanrequest.md
  - docs/models/operations/updateofferingplanresponsebody.md
  - docs/models/operations/updateofferingplanresponse.md
  - docs/models/operations/deleteofferingplanrequest.md
  - docs/models/operations/deleteofferingplanresponse.md
  - docs/models/operations/listofferingproductsrequest.md
  - docs/models/operations/listofferingproductsresponsebody.md
  - docs/models/operations/listofferingproductsresponse.md
  - docs/models/operations/attachofferingproductrequestbody.md
  - docs/models/operations/attachofferingproductrequest.md
  - docs/models/operations/attachofferingproductresponsebody.md
  - docs/models/operations/attachofferingproductresponse.md
  - docs/models/operations/updateofferingproductrequestbody.md
  - docs/models/operations/updateofferingproductrequest.md
  - docs/models/operations/updateofferingproductresponsebody.md
  - docs/models/operations/updateofferingproductresponse.md
  - docs/models/operations/deleteofferingproductrequest.md
  - docs/models/operations/deleteofferingproductresponse.md
  - docs/models/operations/createsubscriptionrequestbody.md
  - docs/models/operations/createsubscriptionrequest.md
  - docs/models/operations/createsubscriptionresponsebody.md
  - docs/models/operations/createsubscriptionresponse.md
  - docs/models/operations/listsubscriptionsrequest.md
  - docs/models/operations/listsubscriptionsresponsebody.md
  - docs/models/operations/listsubscriptionsresponse.md
  - docs/models/operations/getsubscriptionrequest.md
  - docs/models/operations/getsubscriptionresponsebody.md
  - docs/models/operations/getsubscriptionresponse.md
  - docs/models/operations/deletesubscriptionrequest.md
  - docs/models/operations/deletesubscriptionresponse.md
  - docs/models/operations/listsubscriptioninvoicesrequest.md
  - docs/models/operations/listsubscriptioninvoicesresponsebody.md
  - docs/models/operations/listsubscriptioninvoicesresponse.md
  - docs/models/operations/cancelsubscriptionrequest.md
  - docs/models/operations/cancelsubscriptionresponse.md
  - docs/models/operations/listsubscriptioninvoicepaymentsrequest.md
  - docs/models/operations/listsubscriptioninvoicepaymentsresponsebody.md
  - docs/models/operations/listsubscriptioninvoicepaymentsresponse.md
  - docs/models/operations/getsubscriptioninvoicepaymentrequest.md
  - docs/models/operations/getsubscriptioninvoicepaymentresponsebody.md
  - docs/models/operations/getsubscriptioninvoicepaymentresponse.md
  - docs/models/operations/getsubscriptioninvoicerequest.md
  - docs/models/operations/getsubscriptioninvoiceresponsebody.md
  - docs/models/operations/getsubscriptioninvoiceresponse.md
  - docs/models/operations/createjobrequestbody.md
  - docs/models/operations/createjobrequest.md
  - docs/models/operations/createjobresponsebody.md
  - docs/models/operations/createjobresponse.md
  - docs/models/operations/listjobsrequest.md
  - docs/models/operations/listjobsresponsebody.md
  - docs/models/operations/listjobsresponse.md
  - docs/models/operations/getjobrequest.md
  - docs/models/operations/getjobresponsebody.md
  - docs/models/operations/getjobresponse.md
  - docs/models/operations/deletejobrequest.md
  - docs/models/operations/deletejobresponse.md
  - docs/models/operations/listschedulesrequest.md
  - docs/models/operations/listschedulesresponsebody.md
  - docs/models/operations/listschedulesresponse.md
  - docs/models/operations/createschedulerequestbody.md
  - docs/models/operations/createschedulerequest.md
  - docs/models/operations/createscheduleresponsebody.md
  - docs/models/operations/createscheduleresponse.md
  - docs/models/operations/getschedulerequest.md
  - docs/models/operations/getscheduleresponsebody.md
  - docs/models/operations/getscheduleresponse.md
  - docs/models/operations/updateschedulerequestbody.md
  - docs/models/operations/updateschedulerequest.md
  - docs/models/operations/updatescheduleresponsebody.md
  - docs/models/operations/updatescheduleresponse.md
  - docs/models/operations/deleteschedulerequest.md
  - docs/models/operations/deletescheduleresponse.md
  - docs/models/operations/listsubscribersrequest.md
  - docs/models/operations/listsubscribersresponsebody.md
  - docs/models/operations/listsubscribersresponse.md
  - docs/models/operations/createsubscriberrequestbody.md
  - docs/models/operations/createsubscriberrequest.md
  - docs/models/operations/createsubscriberresponsebody.md
  - docs/models/operations/createsubscriberresponse.md
  - docs/models/operations/getsubscriberrequest.md
  - docs/models/operations/getsubscriberresponsebody.md
  - docs/models/operations/getsubscriberresponse.md
  - docs/models/operations/updatesubscriberrequestbody.md
  - docs/models/operations/updatesubscriberrequest.md
  - docs/models/operations/updatesubscriberresponsebody.md
  - docs/models/operations/updatesubscriberresponse.md
  - docs/models/operations/deletesubscriberrequest.md
  - docs/models/operations/deletesubscriberresponse.md
  - docs/models/components/product.md
  - docs/models/components/productmeta.md
  - docs/models/components/timestamps.md
  - docs/models/components/displayprice.md
  - docs/models/components/priceformatting.md
  - docs/models/components/productresponseattributes.md
  - docs/models/components/unit.md
  - docs/models/components/priceunits.md
  - docs/models/components/price.md
  - docs/models/components/subscriptionproducttype.md
  - docs/models/components/meta.md
  - docs/models/components/errort.md
  - docs/models/components/productcreate.md
  - docs/models/components/productattributes.md
  - docs/models/components/link.md
  - docs/models/components/linkobject.md
  - docs/models/components/productupdate.md
  - docs/models/components/productupdateattributes.md
  - docs/models/components/nullablepriceunitsunit.md
  - docs/models/components/nullablepriceunits.md
  - docs/models/components/nullableprice.md
  - docs/models/components/plan.md
  - docs/models/components/planmeta.md
  - docs/models/components/planresponseattributesstatus.md
  - docs/models/components/planresponseattributesbillingintervaltype.md
  - docs/models/components/planresponseattributesendbehavior.md
  - docs/models/components/planresponseattributes.md
  - docs/models/components/subscriptionplantype.md
  - docs/models/components/plancreate.md
  - docs/models/components/planattributesstatus.md
  - docs/models/components/billingintervaltype.md
  - docs/models/components/endbehavior.md
  - docs/models/components/planattributes.md
  - docs/models/components/planupdate.md
  - docs/models/components/planupdateattributesstatus.md
  - docs/models/components/planupdateattributesbillingintervaltype.md
  - docs/models/components/planupdateattributesendbehavior.md
  - docs/models/components/planupdateattributes.md
  - docs/models/components/offering.md
  - docs/models/components/offeringmeta.md
  - docs/models/components/relationship.md
  - docs/models/components/relationshiplinks.md
  - docs/models/components/relationshipdata.md
  - docs/models/components/offeringresponseattributes.md
  - docs/models/components/subscriptionofferingtype.md
  - docs/models/components/offeringcreate.md
  - docs/models/components/offeringattributes.md
  - docs/models/components/products.md
  - docs/models/components/buildoffering.md
  - docs/models/components/offeringupdate.md
  - docs/models/components/offeringupdateattributes.md
  - docs/models/components/offeringplan.md
  - docs/models/components/offeringplanmeta.md
  - docs/models/components/subscriptionofferingplantype.md
  - docs/models/components/offeringplanattach.md
  - docs/models/components/offeringplanupdate.md
  - docs/models/components/offeringproduct.md
  - docs/models/components/subscriptionofferingproducttype.md
  - docs/models/components/offeringproductattach.md
  - docs/models/components/offeringproductupdate.md
  - docs/models/components/subscription.md
  - docs/models/components/subscriptionmeta.md
  - docs/models/components/status.md
  - docs/models/components/subscriptionattributes.md
  - docs/models/components/subscriptiontype.md
  - docs/models/components/buildsubscription.md
  - docs/models/components/paymentauthority.md
  - docs/models/components/type.md
  - docs/models/components/paymentauthorityeppayments.md
  - docs/models/components/subscriptioninvoice.md
  - docs/models/components/subscriptioninvoicemeta.md
  - docs/models/components/singlecurrencyprice.md
  - docs/models/components/subscriptioninvoiceattributes.md
  - docs/models/components/subscriptioninvoiceitem.md
  - docs/models/components/timeperiod.md
  - docs/models/components/subscriptioninvoicetype.md
  - docs/models/components/subscriptioninvoicepayment.md
  - docs/models/components/subscriptioninvoicepaymentmeta.md
  - docs/models/components/invoicetimestamps.md
  - docs/models/components/subscriptioninvoicepaymentattributes.md
  - docs/models/components/paymentfailuredetail.md
  - docs/models/components/subscriptioninvoicepaymenttype.md
  - docs/models/components/job.md
  - docs/models/components/jobmeta.md
  - docs/models/components/jobtimestamps.md
  - docs/models/components/jobresponseattributesstatus.md
  - docs/models/components/jobresponseattributes.md
  - docs/models/components/jobtype.md
  - docs/models/components/subscriptionjobtype.md
  - docs/models/components/jobcreate.md
  - docs/models/components/jobcreateattributes.md
  - docs/models/components/schedule.md
  - docs/models/components/schedulemeta.md
  - docs/models/components/scheduleresponseattributes.md
  - docs/models/components/schedulejob.md
  - docs/models/components/subscriptionscheduletype.md
  - docs/models/components/schedulecreate.md
  - docs/models/components/scheduleattributes.md
  - docs/models/components/scheduleupdate.md
  - docs/models/components/scheduleupdateattributes.md
  - docs/models/components/subscriber.md
  - docs/models/components/subscribermeta.md
  - docs/models/components/subscriberresponseattributes.md
  - docs/models/components/subscriptionsubscribertype.md
  - docs/models/components/subscribercreate.md
  - docs/models/components/subscriberattributes.md
  - docs/models/components/subscriberupdate.md
  - docs/models/components/subscriberupdateattributes.md
  - docs/models/components/security.md
  - docs/models/errors/errorresponse.md
  - docs/sdks/sdk/README.md
  - docs/sdks/products/README.md
  - docs/sdks/plans/README.md
  - docs/sdks/offerings/README.md
  - docs/sdks/subscriptions/README.md
  - docs/sdks/jobs/README.md
  - docs/sdks/schedules/README.md
  - docs/sdks/subscribers/README.md
  - USAGE.md
  - .gitattributes
